# This file is automatically @generated by Cargo.
# It is not intended for manual editing.
version = 3

[[package]]
name = "cozy-chess"
version = "0.2.2"
source = "registry+https://github.com/rust-lang/crates.io-index"
checksum = "2d4cfca0e2c49193765f49129cc635bd99788f4d25e7074dac556ccc362c7f39"
dependencies = [
 "cozy-chess-types",
]

[[package]]
name = "cozy-chess-types"
version = "0.1.4"
source = "registry+https://github.com/rust-lang/crates.io-index"
checksum = "847c4608e7a1ec5968d182493cdab14836def5aa950d2191662bab1f831ab903"

[[package]]
name = "parse"
version = "0.1.0"
dependencies = [
 "cozy-chess",
]
